
Microsoft Visual Studio Solution File, Format Version 12.00
# Visual Studio Version 17
VisualStudioVersion = 17.3.32929.385
MinimumVisualStudioVersion = 10.0.40219.1
Project("{FAE04EC0-301F-11D3-BF4B-00C04F79EFBC}") = "Luis_Banica_Lab2", "Luis_Banica_Lab2.csproj", "{F19E2CBD-68B1-4CD4-975E-B40A44DB1728}"
EndProject
Global
	GlobalSection(SolutionConfigurationPlatforms) = preSolution
		Debug|Any CPU = Debug|Any CPU
		Release|Any CPU = Release|Any CPU
	EndGlobalSection
	GlobalSection(ProjectConfigurationPlatforms) = postSolution
		{F19E2CBD-68B1-4CD4-975E-B40A44DB1728}.Debug|Any CPU.ActiveCfg = Debug|Any CPU
		{F19E2CBD-68B1-4CD4-975E-B40A44DB1728}.Debug|Any CPU.Build.0 = Debug|Any CPU
		{F19E2CBD-68B1-4CD4-975E-B40A44DB1728}.Release|Any CPU.ActiveCfg = Release|Any CPU
		{F19E2CBD-68B1-4CD4-975E-B40A44DB1728}.Release|Any CPU.Build.0 = Release|Any CPU
	EndGlobalSection
	GlobalSection(SolutionProperties) = preSolution
		HideSolutionNode = FALSE
	EndGlobalSection
	GlobalSection(ExtensibilityGlobals) = postSolution
		SolutionGuid = {D7FC979E-6FBE-418B-81C8-8139D65F8097}
	EndGlobalSection
EndGlobal
